
Microsoft Visual Studio Solution File, Format Version 12.00
# Visual Studio Version 17
VisualStudioVersion = 17.2.32616.157
MinimumVisualStudioVersion = 10.0.40219.1
Project("{FAE04EC0-301F-11D3-BF4B-00C04F79EFBC}") = "CategorizeTradesCreditSuisse", "CategorizeTradesCreditSuisse\CategorizeTradesCreditSuisse.csproj", "{BC66CE16-C4CA-41BA-81D1-E7E7C0C07169}"
EndProject
Project("{2150E333-8FDC-42A3-9474-1A3956D46DE8}") = "Domain", "Domain", "{2FE9804E-DCED-4EC8-B4C0-2AA6B5563E4D}"
EndProject
Project("{FAE04EC0-301F-11D3-BF4B-00C04F79EFBC}") = "CategorizeTradesCreditSuisseDomain", "CategorizeTradesCreditSuisseDomain\CategorizeTradesCreditSuisseDomain.csproj", "{15B20657-C5A8-4973-8DC9-6A014559B70B}"
EndProject
Global
	GlobalSection(SolutionConfigurationPlatforms) = preSolution
		Debug|Any CPU = Debug|Any CPU
		Release|Any CPU = Release|Any CPU
	EndGlobalSection
	GlobalSection(ProjectConfigurationPlatforms) = postSolution
		{BC66CE16-C4CA-41BA-81D1-E7E7C0C07169}.Debug|Any CPU.ActiveCfg = Debug|Any CPU
		{BC66CE16-C4CA-41BA-81D1-E7E7C0C07169}.Debug|Any CPU.Build.0 = Debug|Any CPU
		{BC66CE16-C4CA-41BA-81D1-E7E7C0C07169}.Release|Any CPU.ActiveCfg = Release|Any CPU
		{BC66CE16-C4CA-41BA-81D1-E7E7C0C07169}.Release|Any CPU.Build.0 = Release|Any CPU
		{15B20657-C5A8-4973-8DC9-6A014559B70B}.Debug|Any CPU.ActiveCfg = Debug|Any CPU
		{15B20657-C5A8-4973-8DC9-6A014559B70B}.Debug|Any CPU.Build.0 = Debug|Any CPU
		{15B20657-C5A8-4973-8DC9-6A014559B70B}.Release|Any CPU.ActiveCfg = Release|Any CPU
		{15B20657-C5A8-4973-8DC9-6A014559B70B}.Release|Any CPU.Build.0 = Release|Any CPU
	EndGlobalSection
	GlobalSection(SolutionProperties) = preSolution
		HideSolutionNode = FALSE
	EndGlobalSection
	GlobalSection(NestedProjects) = preSolution
		{15B20657-C5A8-4973-8DC9-6A014559B70B} = {2FE9804E-DCED-4EC8-B4C0-2AA6B5563E4D}
	EndGlobalSection
	GlobalSection(ExtensibilityGlobals) = postSolution
		SolutionGuid = {781FE4D7-6E40-44DD-B39E-74AAE57F081F}
	EndGlobalSection
EndGlobal
